Microsoft Visual Studio Solution File, Format Version 12.00
# Visual Studio Version 17
VisualStudioVersion = 17.11.35312.102
MinimumVisualStudioVersion = 10.0.40219.1
Project("{FAE04EC0-301F-11D3-BF4B-00C04F79EFBC}") = "CacheTryRetry.AppHost", "CacheTryRetry.AppHost\CacheTryRetry.AppHost.csproj", "{334AD2C4-AB9A-4CDD-ADC7-AC00AB2DE425}"
EndProject
Project("{9A19103F-16F7-4668-BE54-9A1E7A4F7556}") = "CacheTryRetry.ServiceDefaults", "CacheTryRetry.ServiceDefaults\CacheTryRetry.ServiceDefaults.csproj", "{DB90E57D-4249-49B2-A7A5-C25377966EA4}"
EndProject
Project("{9A19103F-16F7-4668-BE54-9A1E7A4F7556}") = "CacheTryRetry.Api", "CacheTryRetry.Api\CacheTryRetry.Api.csproj", "{FFCBD830-803F-417A-AA1F-3225607FCD25}"
EndProject
Global
	GlobalSection(SolutionConfigurationPlatforms) = preSolution
		Debug|Any CPU = Debug|Any CPU
		Release|Any CPU = Release|Any CPU
	EndGlobalSection
	GlobalSection(ProjectConfigurationPlatforms) = postSolution
		{334AD2C4-AB9A-4CDD-ADC7-AC00AB2DE425}.Debug|Any CPU.ActiveCfg = Debug|Any CPU
		{334AD2C4-AB9A-4CDD-ADC7-AC00AB2DE425}.Debug|Any CPU.Build.0 = Debug|Any CPU
		{334AD2C4-AB9A-4CDD-ADC7-AC00AB2DE425}.Release|Any CPU.ActiveCfg = Release|Any CPU
		{334AD2C4-AB9A-4CDD-ADC7-AC00AB2DE425}.Release|Any CPU.Build.0 = Release|Any CPU
		{DB90E57D-4249-49B2-A7A5-C25377966EA4}.Debug|Any CPU.ActiveCfg = Debug|Any CPU
		{DB90E57D-4249-49B2-A7A5-C25377966EA4}.Debug|Any CPU.Build.0 = Debug|Any CPU
		{DB90E57D-4249-49B2-A7A5-C25377966EA4}.Release|Any CPU.ActiveCfg = Release|Any CPU
		{DB90E57D-4249-49B2-A7A5-C25377966EA4}.Release|Any CPU.Build.0 = Release|Any CPU
		{FFCBD830-803F-417A-AA1F-3225607FCD25}.Debug|Any CPU.ActiveCfg = Debug|Any CPU
		{FFCBD830-803F-417A-AA1F-3225607FCD25}.Debug|Any CPU.Build.0 = Debug|Any CPU
		{FFCBD830-803F-417A-AA1F-3225607FCD25}.Release|Any CPU.ActiveCfg = Release|Any CPU
		{FFCBD830-803F-417A-AA1F-3225607FCD25}.Release|Any CPU.Build.0 = Release|Any CPU
	EndGlobalSection
	GlobalSection(SolutionProperties) = preSolution
		HideSolutionNode = FALSE
	EndGlobalSection
	GlobalSection(ExtensibilityGlobals) = postSolution
		SolutionGuid = {2E4F5C51-622F-4C23-8FF7-30C5FE52C491}
	EndGlobalSection
EndGlobal
